// !$*UTF8*$!
{
	archiveVersion = 1;
	classes = {
	};
	objectVersion = 56;
	objects = {

/* Begin PBXBuildFile section */
		F378E2EB2AA2434C007CA5B3 /* Localizable.strings in Resources */ = {isa = PBXBuildFile; fileRef = F378E2ED2AA2434C007CA5B3 /* Localizable.strings */; };
		F378E2EF2AA2509F007CA5B3 /* Localizable.stringsdict in Resources */ = {isa = PBXBuildFile; fileRef = F378E2F12AA2509F007CA5B3 /* Localizable.stringsdict */; };
		F378E2F32AA25293007CA5B3 /* Awards.json in Resources */ = {isa = PBXBuildFile; fileRef = F378E2F52AA25293007CA5B3 /* Awards.json */; };
		F378E2F82AA27865007CA5B3 /* SidebarViewToolbar.swift in Sources */ = {isa = PBXBuildFile; fileRef = F378E2F72AA27865007CA5B3 /* SidebarViewToolbar.swift */; };
		F378E2FA2AA27ADD007CA5B3 /* GoalViewToolbar.swift in Sources */ = {isa = PBXBuildFile; fileRef = F378E2F92AA27ADD007CA5B3 /* GoalViewToolbar.swift */; };
		F378E2FC2AA27BFB007CA5B3 /* GoalsViewToolbar.swift in Sources */ = {isa = PBXBuildFile; fileRef = F378E2FB2AA27BFB007CA5B3 /* GoalsViewToolbar.swift */; };
		F378E2FE2AA27DD0007CA5B3 /* TagsMenuView.swift in Sources */ = {isa = PBXBuildFile; fileRef = F378E2FD2AA27DD0007CA5B3 /* TagsMenuView.swift */; };
		F378E3022AA30827007CA5B3 /* SmartFilterRow.swift in Sources */ = {isa = PBXBuildFile; fileRef = F378E3012AA30827007CA5B3 /* SmartFilterRow.swift */; };
		F378E3042AA30889007CA5B3 /* UserFilterRow.swift in Sources */ = {isa = PBXBuildFile; fileRef = F378E3032AA30889007CA5B3 /* UserFilterRow.swift */; };
		F3830FF22AA49B200064E3B6 /* GoalsTests.swift in Sources */ = {isa = PBXBuildFile; fileRef = F3830FF12AA49B200064E3B6 /* GoalsTests.swift */; };
		F3830FFA2AA4A3730064E3B6 /* AssetTests.swift in Sources */ = {isa = PBXBuildFile; fileRef = F3830FF92AA4A3730064E3B6 /* AssetTests.swift */; };
		F38558992AA9AFFB0019F18C /* SidebarViewModel.swift in Sources */ = {isa = PBXBuildFile; fileRef = F38558982AA9AFFB0019F18C /* SidebarViewModel.swift */; };
		F39B47D62AA51B8600CD7690 /* DecodableDictionary.json in Resources */ = {isa = PBXBuildFile; fileRef = F39B47D52AA51B8600CD7690 /* DecodableDictionary.json */; };
		F39B47D82AA51BD000CD7690 /* DecodableString.json in Resources */ = {isa = PBXBuildFile; fileRef = F39B47D72AA51BD000CD7690 /* DecodableString.json */; };
		F39B47DA2AA5202B00CD7690 /* PerformanceTests.swift in Sources */ = {isa = PBXBuildFile; fileRef = F39B47D92AA5202B00CD7690 /* PerformanceTests.swift */; };
		F39B47E22AA5C20100CD7690 /* GoalsUITests.swift in Sources */ = {isa = PBXBuildFile; fileRef = F39B47E12AA5C20100CD7690 /* GoalsUITests.swift */; };
		F39B47E42AA5C20100CD7690 /* GoalsUITestsLaunchTests.swift in Sources */ = {isa = PBXBuildFile; fileRef = F39B47E32AA5C20100CD7690 /* GoalsUITestsLaunchTests.swift */; };
		F3A76F662A9F96FC00F2E3CE /* SidebarView.swift in Sources */ = {isa = PBXBuildFile; fileRef = F3A76F652A9F96FC00F2E3CE /* SidebarView.swift */; };
		F3A76F682A9F971800F2E3CE /* DetailView.swift in Sources */ = {isa = PBXBuildFile; fileRef = F3A76F672A9F971800F2E3CE /* DetailView.swift */; };
		F3A76F6A2A9F99C200F2E3CE /* Filter.swift in Sources */ = {isa = PBXBuildFile; fileRef = F3A76F692A9F99C200F2E3CE /* Filter.swift */; };
		F3A76F6C2A9FD12000F2E3CE /* Goal-CoreDataHelpers.swift in Sources */ = {isa = PBXBuildFile; fileRef = F3A76F6B2A9FD12000F2E3CE /* Goal-CoreDataHelpers.swift */; };
		F3A76F6E2A9FD5CF00F2E3CE /* Tag-CoreDataHelpers.swift in Sources */ = {isa = PBXBuildFile; fileRef = F3A76F6D2A9FD5CF00F2E3CE /* Tag-CoreDataHelpers.swift */; };
		F3A76F702A9FE29400F2E3CE /* GoalRow.swift in Sources */ = {isa = PBXBuildFile; fileRef = F3A76F6F2A9FE29400F2E3CE /* GoalRow.swift */; };
		F3A76F722AA086AF00F2E3CE /* GoalView.swift in Sources */ = {isa = PBXBuildFile; fileRef = F3A76F712AA086AF00F2E3CE /* GoalView.swift */; };
		F3A76F742AA086BC00F2E3CE /* NoGoalView.swift in Sources */ = {isa = PBXBuildFile; fileRef = F3A76F732AA086BC00F2E3CE /* NoGoalView.swift */; };
		F3A76F762AA1CA9B00F2E3CE /* Bundle-Decodable.swift in Sources */ = {isa = PBXBuildFile; fileRef = F3A76F752AA1CA9B00F2E3CE /* Bundle-Decodable.swift */; };
		F3A76F792AA1D06900F2E3CE /* Colors.xcassets in Resources */ = {isa = PBXBuildFile; fileRef = F3A76F772AA1D06900F2E3CE /* Colors.xcassets */; };
		F3A76F7C2AA1D10E00F2E3CE /* Award.swift in Sources */ = {isa = PBXBuildFile; fileRef = F3A76F7B2AA1D10D00F2E3CE /* Award.swift */; };
		F3A76F7E2AA1D33800F2E3CE /* AwardsView.swift in Sources */ = {isa = PBXBuildFile; fileRef = F3A76F7D2AA1D33800F2E3CE /* AwardsView.swift */; };
		F3B073652AA4B126002649DD /* TagTests.swift in Sources */ = {isa = PBXBuildFile; fileRef = F3B073642AA4B126002649DD /* TagTests.swift */; };
		F3B073672AA4B73A002649DD /* AwardsTests.swift in Sources */ = {isa = PBXBuildFile; fileRef = F3B073662AA4B73A002649DD /* AwardsTests.swift */; };
		F3B073692AA4C30E002649DD /* DevelopmentTests.swift in Sources */ = {isa = PBXBuildFile; fileRef = F3B073682AA4C30E002649DD /* DevelopmentTests.swift */; };
		F3B0736B2AA4CF98002649DD /* ExtensionTests.swift in Sources */ = {isa = PBXBuildFile; fileRef = F3B0736A2AA4CF98002649DD /* ExtensionTests.swift */; };
		F3B6F58A2A9E8CF30029350B /* GoalsApp.swift in Sources */ = {isa = PBXBuildFile; fileRef = F3B6F5892A9E8CF30029350B /* GoalsApp.swift */; };
		F3B6F58E2A9E8CF40029350B /* Assets.xcassets in Resources */ = {isa = PBXBuildFile; fileRef = F3B6F58D2A9E8CF40029350B /* Assets.xcassets */; };
		F3B6F5912A9E8CF40029350B /* Preview Assets.xcassets in Resources */ = {isa = PBXBuildFile; fileRef = F3B6F5902A9E8CF40029350B /* Preview Assets.xcassets */; };
		F3B6F5992A9F31FC0029350B /* Main.xcdatamodeld in Sources */ = {isa = PBXBuildFile; fileRef = F3B6F5972A9F31FC0029350B /* Main.xcdatamodeld */; };
		F3B6F59B2A9F33E70029350B /* DataController.swift in Sources */ = {isa = PBXBuildFile; fileRef = F3B6F59A2A9F33E70029350B /* DataController.swift */; };
		F3D3FAB12AB74DA300CD978A /* GoalsView.swift in Sources */ = {isa = PBXBuildFile; fileRef = F3B6F58B2A9E8CF30029350B /* GoalsView.swift */; };
/* End PBXBuildFile section */

/* Begin PBXContainerItemProxy section */
		F3830FF32AA49B200064E3B6 /* PBXContainerItemProxy */ = {
			isa = PBXContainerItemProxy;
			containerPortal = F3B6F57E2A9E8CF30029350B /* Project object */;
			proxyType = 1;
			remoteGlobalIDString = F3B6F5852A9E8CF30029350B;
			remoteInfo = Issues;
		};
		F39B47E52AA5C20100CD7690 /* PBXContainerItemProxy */ = {
			isa = PBXContainerItemProxy;
			containerPortal = F3B6F57E2A9E8CF30029350B /* Project object */;
			proxyType = 1;
			remoteGlobalIDString = F3B6F5852A9E8CF30029350B;
			remoteInfo = Issues;
		};
/* End PBXContainerItemProxy section */

/* Begin PBXFileReference section */
		F3056AC92AA5E21700DC9EC4 /* GoalsUITests.xctestplan */ = {isa = PBXFileReference; lastKnownFileType = text; path = GoalsUITests.xctestplan; sourceTree = "<group>"; };
		F378E2E62AA20A88007CA5B3 /* Goals.entitlements */ = {isa = PBXFileReference; lastKnownFileType = text.plist.entitlements; path = Goals.entitlements; sourceTree = "<group>"; };
		F378E2EC2AA2434C007CA5B3 /* en */ = {isa = PBXFileReference; lastKnownFileType = text.plist.strings; name = en; path = en.lproj/Localizable.strings; sourceTree = "<group>"; };
		F378E2EE2AA24407007CA5B3 /* he */ = {isa = PBXFileReference; lastKnownFileType = text.plist.strings; name = he; path = he.lproj/Localizable.strings; sourceTree = "<group>"; };
		F378E2F02AA2509F007CA5B3 /* en */ = {isa = PBXFileReference; lastKnownFileType = text.plist.stringsdict; name = en; path = en.lproj/Localizable.stringsdict; sourceTree = "<group>"; };
		F378E2F22AA250B0007CA5B3 /* he */ = {isa = PBXFileReference; lastKnownFileType = text.plist.stringsdict; name = he; path = he.lproj/Localizable.stringsdict; sourceTree = "<group>"; };
		F378E2F42AA25293007CA5B3 /* en */ = {isa = PBXFileReference; lastKnownFileType = text.json; name = en; path = en.lproj/Awards.json; sourceTree = "<group>"; };
		F378E2F62AA25297007CA5B3 /* he */ = {isa = PBXFileReference; lastKnownFileType = text.json; name = he; path = he.lproj/Awards.json; sourceTree = "<group>"; };
		F378E2F72AA27865007CA5B3 /* SidebarViewToolbar.swift */ = {isa = PBXFileReference; lastKnownFileType = sourcecode.swift; path = SidebarViewToolbar.swift; sourceTree = "<group>"; };
		F378E2F92AA27ADD007CA5B3 /* GoalViewToolbar.swift */ = {isa = PBXFileReference; lastKnownFileType = sourcecode.swift; path = GoalViewToolbar.swift; sourceTree = "<group>"; };
		F378E2FB2AA27BFB007CA5B3 /* GoalsViewToolbar.swift */ = {isa = PBXFileReference; lastKnownFileType = sourcecode.swift; path = GoalsViewToolbar.swift; sourceTree = "<group>"; };
		F378E2FD2AA27DD0007CA5B3 /* TagsMenuView.swift */ = {isa = PBXFileReference; lastKnownFileType = sourcecode.swift; path = TagsMenuView.swift; sourceTree = "<group>"; };
		F378E3012AA30827007CA5B3 /* SmartFilterRow.swift */ = {isa = PBXFileReference; lastKnownFileType = sourcecode.swift; path = SmartFilterRow.swift; sourceTree = "<group>"; };
		F378E3032AA30889007CA5B3 /* UserFilterRow.swift */ = {isa = PBXFileReference; lastKnownFileType = sourcecode.swift; path = UserFilterRow.swift; sourceTree = "<group>"; };
		F3830FEF2AA49B200064E3B6 /* GoalsTests.xctest */ = {isa = PBXFileReference; explicitFileType = wrapper.cfbundle; includeInIndex = 0; path = GoalsTests.xctest; sourceTree = BUILT_PRODUCTS_DIR; };
		F3830FF12AA49B200064E3B6 /* GoalsTests.swift */ = {isa = PBXFileReference; lastKnownFileType = sourcecode.swift; path = GoalsTests.swift; sourceTree = "<group>"; };
		F3830FF82AA49D1F0064E3B6 /* goals.xctestplan */ = {isa = PBXFileReference; lastKnownFileType = text; path = goals.xctestplan; sourceTree = "<group>"; };
		F3830FF92AA4A3730064E3B6 /* AssetTests.swift */ = {isa = PBXFileReference; lastKnownFileType = sourcecode.swift; path = AssetTests.swift; sourceTree = "<group>"; };
		F38558982AA9AFFB0019F18C /* SidebarViewModel.swift */ = {isa = PBXFileReference; lastKnownFileType = sourcecode.swift; path = SidebarViewModel.swift; sourceTree = "<group>"; };
		F39B47D52AA51B8600CD7690 /* DecodableDictionary.json */ = {isa = PBXFileReference; lastKnownFileType = text.json; path = DecodableDictionary.json; sourceTree = "<group>"; };
		F39B47D72AA51BD000CD7690 /* DecodableString.json */ = {isa = PBXFileReference; lastKnownFileType = text.json; path = DecodableString.json; sourceTree = "<group>"; };
		F39B47D92AA5202B00CD7690 /* PerformanceTests.swift */ = {isa = PBXFileReference; lastKnownFileType = sourcecode.swift; path = PerformanceTests.swift; sourceTree = "<group>"; };
		F39B47DF2AA5C20100CD7690 /* GoalsUITests.xctest */ = {isa = PBXFileReference; explicitFileType = wrapper.cfbundle; includeInIndex = 0; path = GoalsUITests.xctest; sourceTree = BUILT_PRODUCTS_DIR; };
		F39B47E12AA5C20100CD7690 /* GoalsUITests.swift */ = {isa = PBXFileReference; lastKnownFileType = sourcecode.swift; path = GoalsUITests.swift; sourceTree = "<group>"; };
		F39B47E32AA5C20100CD7690 /* GoalsUITestsLaunchTests.swift */ = {isa = PBXFileReference; lastKnownFileType = sourcecode.swift; path = GoalsUITestsLaunchTests.swift; sourceTree = "<group>"; };
		F3A76F642A9F8ED500F2E3CE /* Info.plist */ = {isa = PBXFileReference; lastKnownFileType = text.plist.xml; path = Info.plist; sourceTree = "<group>"; };
		F3A76F652A9F96FC00F2E3CE /* SidebarView.swift */ = {isa = PBXFileReference; lastKnownFileType = sourcecode.swift; path = SidebarView.swift; sourceTree = "<group>"; };
		F3A76F672A9F971800F2E3CE /* DetailView.swift */ = {isa = PBXFileReference; lastKnownFileType = sourcecode.swift; path = DetailView.swift; sourceTree = "<group>"; };
		F3A76F692A9F99C200F2E3CE /* Filter.swift */ = {isa = PBXFileReference; lastKnownFileType = sourcecode.swift; path = Filter.swift; sourceTree = "<group>"; };
		F3A76F6B2A9FD12000F2E3CE /* Goal-CoreDataHelpers.swift */ = {isa = PBXFileReference; lastKnownFileType = sourcecode.swift; path = "Goal-CoreDataHelpers.swift"; sourceTree = "<group>"; };
		F3A76F6D2A9FD5CF00F2E3CE /* Tag-CoreDataHelpers.swift */ = {isa = PBXFileReference; lastKnownFileType = sourcecode.swift; path = "Tag-CoreDataHelpers.swift"; sourceTree = "<group>"; };
		F3A76F6F2A9FE29400F2E3CE /* GoalRow.swift */ = {isa = PBXFileReference; lastKnownFileType = sourcecode.swift; path = GoalRow.swift; sourceTree = "<group>"; };
		F3A76F712AA086AF00F2E3CE /* GoalView.swift */ = {isa = PBXFileReference; lastKnownFileType = sourcecode.swift; path = GoalView.swift; sourceTree = "<group>"; };
		F3A76F732AA086BC00F2E3CE /* NoGoalView.swift */ = {isa = PBXFileReference; lastKnownFileType = sourcecode.swift; path = NoGoalView.swift; sourceTree = "<group>"; };
		F3A76F752AA1CA9B00F2E3CE /* Bundle-Decodable.swift */ = {isa = PBXFileReference; lastKnownFileType = sourcecode.swift; path = "Bundle-Decodable.swift"; sourceTree = "<group>"; };
		F3A76F772AA1D06900F2E3CE /* Colors.xcassets */ = {isa = PBXFileReference; lastKnownFileType = folder.assetcatalog; path = Colors.xcassets; sourceTree = "<group>"; };
		F3A76F7B2AA1D10D00F2E3CE /* Award.swift */ = {isa = PBXFileReference; lastKnownFileType = sourcecode.swift; path = Award.swift; sourceTree = "<group>"; };
		F3A76F7D2AA1D33800F2E3CE /* AwardsView.swift */ = {isa = PBXFileReference; lastKnownFileType = sourcecode.swift; path = AwardsView.swift; sourceTree = "<group>"; };
		F3B073642AA4B126002649DD /* TagTests.swift */ = {isa = PBXFileReference; lastKnownFileType = sourcecode.swift; path = TagTests.swift; sourceTree = "<group>"; };
		F3B073662AA4B73A002649DD /* AwardsTests.swift */ = {isa = PBXFileReference; lastKnownFileType = sourcecode.swift; path = AwardsTests.swift; sourceTree = "<group>"; };
		F3B073682AA4C30E002649DD /* DevelopmentTests.swift */ = {isa = PBXFileReference; lastKnownFileType = sourcecode.swift; path = DevelopmentTests.swift; sourceTree = "<group>"; };
		F3B0736A2AA4CF98002649DD /* ExtensionTests.swift */ = {isa = PBXFileReference; lastKnownFileType = sourcecode.swift; path = ExtensionTests.swift; sourceTree = "<group>"; };
		F3B6F5862A9E8CF30029350B /* Goals.app */ = {isa = PBXFileReference; explicitFileType = wrapper.application; includeInIndex = 0; path = Goals.app; sourceTree = BUILT_PRODUCTS_DIR; };
		F3B6F5892A9E8CF30029350B /* GoalsApp.swift */ = {isa = PBXFileReference; lastKnownFileType = sourcecode.swift; path = GoalsApp.swift; sourceTree = "<group>"; };
		F3B6F58B2A9E8CF30029350B /* GoalsView.swift */ = {isa = PBXFileReference; lastKnownFileType = sourcecode.swift; path = GoalsView.swift; sourceTree = "<group>"; };
		F3B6F58D2A9E8CF40029350B /* Assets.xcassets */ = {isa = PBXFileReference; lastKnownFileType = folder.assetcatalog; path = Assets.xcassets; sourceTree = "<group>"; };
		F3B6F5902A9E8CF40029350B /* Preview Assets.xcassets */ = {isa = PBXFileReference; lastKnownFileType = folder.assetcatalog; path = "Preview Assets.xcassets"; sourceTree = "<group>"; };
		F3B6F5982A9F31FC0029350B /* Main.xcdatamodel */ = {isa = PBXFileReference; lastKnownFileType = wrapper.xcdatamodel; path = Main.xcdatamodel; sourceTree = "<group>"; };
		F3B6F59A2A9F33E70029350B /* DataController.swift */ = {isa = PBXFileReference; lastKnownFileType = sourcecode.swift; path = DataController.swift; sourceTree = "<group>"; };
/* End PBXFileReference section */

/* Begin PBXFrameworksBuildPhase section */
		F3830FEC2AA49B200064E3B6 /* Frameworks */ = {
			isa = PBXFrameworksBuildPhase;
			buildActionMask = 2147483647;
			files = (
			);
			runOnlyForDeploymentPostprocessing = 0;
		};
		F39B47DC2AA5C20100CD7690 /* Frameworks */ = {
			isa = PBXFrameworksBuildPhase;
			buildActionMask = 2147483647;
			files = (
			);
			runOnlyForDeploymentPostprocessing = 0;
		};
		F3B6F5832A9E8CF30029350B /* Frameworks */ = {
			isa = PBXFrameworksBuildPhase;
			buildActionMask = 2147483647;
			files = (
			);
			runOnlyForDeploymentPostprocessing = 0;
		};
/* End PBXFrameworksBuildPhase section */

/* Begin PBXGroup section */
		F3830FE12AA497200064E3B6 /* Extentions */ = {
			isa = PBXGroup;
			children = (
				F3A76F752AA1CA9B00F2E3CE /* Bundle-Decodable.swift */,
				F3A76F6B2A9FD12000F2E3CE /* Goal-CoreDataHelpers.swift */,
				F3A76F6D2A9FD5CF00F2E3CE /* Tag-CoreDataHelpers.swift */,
			);
			path = Extentions;
			sourceTree = "<group>";
		};
		F3830FE22AA4973C0064E3B6 /* Localization */ = {
			isa = PBXGroup;
			children = (
				F378E2ED2AA2434C007CA5B3 /* Localizable.strings */,
				F378E2F12AA2509F007CA5B3 /* Localizable.stringsdict */,
			);
			path = Localization;
			sourceTree = "<group>";
		};
		F3830FE32AA4975C0064E3B6 /* Configuration */ = {
			isa = PBXGroup;
			children = (
				F378E2E62AA20A88007CA5B3 /* Goals.entitlements */,
				F3A76F642A9F8ED500F2E3CE /* Info.plist */,
				F3B6F5972A9F31FC0029350B /* Main.xcdatamodeld */,
			);
			path = Configuration;
			sourceTree = "<group>";
		};
		F3830FE42AA498310064E3B6 /* Awards */ = {
			isa = PBXGroup;
			children = (
				F3A76F7B2AA1D10D00F2E3CE /* Award.swift */,
				F3A76F7D2AA1D33800F2E3CE /* AwardsView.swift */,
				F378E2F52AA25293007CA5B3 /* Awards.json */,
			);
			path = Awards;
			sourceTree = "<group>";
		};
		F3830FE52AA498420064E3B6 /* Editing */ = {
			isa = PBXGroup;
			children = (
				F3A76F672A9F971800F2E3CE /* DetailView.swift */,
				F3A76F712AA086AF00F2E3CE /* GoalView.swift */,
				F378E2F92AA27ADD007CA5B3 /* GoalViewToolbar.swift */,
				F3A76F732AA086BC00F2E3CE /* NoGoalView.swift */,
				F378E2FD2AA27DD0007CA5B3 /* TagsMenuView.swift */,
			);
			path = Editing;
			sourceTree = "<group>";
		};
		F3830FE62AA4984B0064E3B6 /* Goals */ = {
			isa = PBXGroup;
			children = (
				F3B6F58B2A9E8CF30029350B /* GoalsView.swift */,
				F378E2FB2AA27BFB007CA5B3 /* GoalsViewToolbar.swift */,
				F3A76F6F2A9FE29400F2E3CE /* GoalRow.swift */,
			);
			path = Goals;
			sourceTree = "<group>";
		};
		F3830FE72AA498540064E3B6 /* Filters */ = {
			isa = PBXGroup;
			children = (
				F3A76F692A9F99C200F2E3CE /* Filter.swift */,
				F3A76F652A9F96FC00F2E3CE /* SidebarView.swift */,
				F38558982AA9AFFB0019F18C /* SidebarViewModel.swift */,
				F378E3032AA30889007CA5B3 /* UserFilterRow.swift */,
				F378E3012AA30827007CA5B3 /* SmartFilterRow.swift */,
				F378E2F72AA27865007CA5B3 /* SidebarViewToolbar.swift */,
			);
			path = Filters;
			sourceTree = "<group>";
		};
		F3830FF02AA49B200064E3B6 /* GoalsTests */ = {
			isa = PBXGroup;
			children = (
				F39B47D22AA51A6200CD7690 /* Fixtures */,
				F3830FF82AA49D1F0064E3B6 /* goals.xctestplan */,
				F3830FF12AA49B200064E3B6 /* GoalsTests.swift */,
				F3830FF92AA4A3730064E3B6 /* AssetTests.swift */,
				F3B0736A2AA4CF98002649DD /* ExtensionTests.swift */,
				F3B073662AA4B73A002649DD /* AwardsTests.swift */,
				F3B073642AA4B126002649DD /* TagTests.swift */,
				F3B073682AA4C30E002649DD /* DevelopmentTests.swift */,
				F39B47D92AA5202B00CD7690 /* PerformanceTests.swift */,
			);
			path = GoalsTests;
			sourceTree = "<group>";
		};
		F39B47D22AA51A6200CD7690 /* Fixtures */ = {
			isa = PBXGroup;
			children = (
				F39B47D52AA51B8600CD7690 /* DecodableDictionary.json */,
				F39B47D72AA51BD000CD7690 /* DecodableString.json */,
			);
			path = Fixtures;
			sourceTree = "<group>";
		};
		F39B47E02AA5C20100CD7690 /* GoalsUITests */ = {
			isa = PBXGroup;
			children = (
				F39B47E12AA5C20100CD7690 /* GoalsUITests.swift */,
				F39B47E32AA5C20100CD7690 /* GoalsUITestsLaunchTests.swift */,
			);
			path = GoalsUITests;
			sourceTree = "<group>";
		};
		F3B6F57D2A9E8CF30029350B = {
			isa = PBXGroup;
			children = (
				F3056AC92AA5E21700DC9EC4 /* GoalsUITests.xctestplan */,
				F3B6F5882A9E8CF30029350B /* Goals */,
				F3830FF02AA49B200064E3B6 /* GoalsTests */,
				F39B47E02AA5C20100CD7690 /* GoalsUITests */,
				F3B6F5872A9E8CF30029350B /* Products */,
			);
			sourceTree = "<group>";
		};
		F3B6F5872A9E8CF30029350B /* Products */ = {
			isa = PBXGroup;
			children = (
				F3B6F5862A9E8CF30029350B /* Goals.app */,
				F3830FEF2AA49B200064E3B6 /* GoalsTests.xctest */,
				F39B47DF2AA5C20100CD7690 /* GoalsUITests.xctest */,
			);
			name = Products;
			sourceTree = "<group>";
		};
		F3B6F5882A9E8CF30029350B /* Goals */ = {
			isa = PBXGroup;
			children = (
				F3830FE72AA498540064E3B6 /* Filters */,
				F3830FE62AA4984B0064E3B6 /* Goals */,
				F3830FE52AA498420064E3B6 /* Editing */,
				F3830FE42AA498310064E3B6 /* Awards */,
				F3830FE12AA497200064E3B6 /* Extentions */,
				F3830FE22AA4973C0064E3B6 /* Localization */,
				F3830FE32AA4975C0064E3B6 /* Configuration */,
				F3B6F5892A9E8CF30029350B /* GoalsApp.swift */,
				F3B6F59A2A9F33E70029350B /* DataController.swift */,
				F3A76F772AA1D06900F2E3CE /* Colors.xcassets */,
				F3B6F58D2A9E8CF40029350B /* Assets.xcassets */,
				F3B6F58F2A9E8CF40029350B /* Preview Content */,
			);
			path = Goals;
			sourceTree = "<group>";
		};
		F3B6F58F2A9E8CF40029350B /* Preview Content */ = {
			isa = PBXGroup;
			children = (
				F3B6F5902A9E8CF40029350B /* Preview Assets.xcassets */,
			);
			path = "Preview Content";
			sourceTree = "<group>";
		};
/* End PBXGroup section */

/* Begin PBXNativeTarget section */
		F3830FEE2AA49B200064E3B6 /* GoalsTests */ = {
			isa = PBXNativeTarget;
			buildConfigurationList = F3830FF52AA49B200064E3B6 /* Build configuration list for PBXNativeTarget "GoalsTests" */;
			buildPhases = (
				F3830FEB2AA49B200064E3B6 /* Sources */,
				F3830FEC2AA49B200064E3B6 /* Frameworks */,
				F3830FED2AA49B200064E3B6 /* Resources */,
			);
			buildRules = (
			);
			dependencies = (
				F3830FF42AA49B200064E3B6 /* PBXTargetDependency */,
			);
			name = GoalsTests;
			productName = IssuesTests;
			productReference = F3830FEF2AA49B200064E3B6 /* GoalsTests.xctest */;
			productType = "com.apple.product-type.bundle.unit-test";
		};
		F39B47DE2AA5C20100CD7690 /* GoalsUITests */ = {
			isa = PBXNativeTarget;
			buildConfigurationList = F39B47E72AA5C20100CD7690 /* Build configuration list for PBXNativeTarget "GoalsUITests" */;
			buildPhases = (
				F39B47DB2AA5C20100CD7690 /* Sources */,
				F39B47DC2AA5C20100CD7690 /* Frameworks */,
				F39B47DD2AA5C20100CD7690 /* Resources */,
			);
			buildRules = (
			);
			dependencies = (
				F39B47E62AA5C20100CD7690 /* PBXTargetDependency */,
			);
			name = GoalsUITests;
			productName = IssuesUITests;
			productReference = F39B47DF2AA5C20100CD7690 /* GoalsUITests.xctest */;
			productType = "com.apple.product-type.bundle.ui-testing";
		};
		F3B6F5852A9E8CF30029350B /* Goals */ = {
			isa = PBXNativeTarget;
			buildConfigurationList = F3B6F5942A9E8CF40029350B /* Build configuration list for PBXNativeTarget "Goals" */;
			buildPhases = (
				F3B6F5822A9E8CF30029350B /* Sources */,
				F3B6F5832A9E8CF30029350B /* Frameworks */,
				F3B6F5842A9E8CF30029350B /* Resources */,
				F378E3052AA3C54F007CA5B3 /* SwiftLint */,
			);
			buildRules = (
			);
			dependencies = (
			);
			name = Goals;
			productName = Issues;
			productReference = F3B6F5862A9E8CF30029350B /* Goals.app */;
			productType = "com.apple.product-type.application";
		};
/* End PBXNativeTarget section */

/* Begin PBXProject section */
		F3B6F57E2A9E8CF30029350B /* Project object */ = {
			isa = PBXProject;
			attributes = {
				BuildIndependentTargetsInParallel = 1;
				LastSwiftUpdateCheck = 1430;
				LastUpgradeCheck = 1430;
				TargetAttributes = {
					F3830FEE2AA49B200064E3B6 = {
						CreatedOnToolsVersion = 14.3.1;
						TestTargetID = F3B6F5852A9E8CF30029350B;
					};
					F39B47DE2AA5C20100CD7690 = {
						CreatedOnToolsVersion = 14.3.1;
						TestTargetID = F3B6F5852A9E8CF30029350B;
					};
					F3B6F5852A9E8CF30029350B = {
						CreatedOnToolsVersion = 14.3.1;
					};
				};
			};
			buildConfigurationList = F3B6F5812A9E8CF30029350B /* Build configuration list for PBXProject "Goals" */;
			compatibilityVersion = "Xcode 14.0";
			developmentRegion = en;
			hasScannedForEncodings = 0;
			knownRegions = (
				en,
				Base,
				he,
			);
			mainGroup = F3B6F57D2A9E8CF30029350B;
			productRefGroup = F3B6F5872A9E8CF30029350B /* Products */;
			projectDirPath = "";
			projectRoot = "";
			targets = (
				F3B6F5852A9E8CF30029350B /* Goals */,
				F3830FEE2AA49B200064E3B6 /* GoalsTests */,
				F39B47DE2AA5C20100CD7690 /* GoalsUITests */,
			);
		};
/* End PBXProject section */

/* Begin PBXResourcesBuildPhase section */
		F3830FED2AA49B200064E3B6 /* Resources */ = {
			isa = PBXResourcesBuildPhase;
			buildActionMask = 2147483647;
			files = (
				F39B47D82AA51BD000CD7690 /* DecodableString.json in Resources */,
				F39B47D62AA51B8600CD7690 /* DecodableDictionary.json in Resources */,
			);
			runOnlyForDeploymentPostprocessing = 0;
		};
		F39B47DD2AA5C20100CD7690 /* Resources */ = {
			isa = PBXResourcesBuildPhase;
			buildActionMask = 2147483647;
			files = (
			);
			runOnlyForDeploymentPostprocessing = 0;
		};
		F3B6F5842A9E8CF30029350B /* Resources */ = {
			isa = PBXResourcesBuildPhase;
			buildActionMask = 2147483647;
			files = (
				F378E2EB2AA2434C007CA5B3 /* Localizable.strings in Resources */,
				F3A76F792AA1D06900F2E3CE /* Colors.xcassets in Resources */,
				F378E2F32AA25293007CA5B3 /* Awards.json in Resources */,
				F3B6F5912A9E8CF40029350B /* Preview Assets.xcassets in Resources */,
				F3B6F58E2A9E8CF40029350B /* Assets.xcassets in Resources */,
				F378E2EF2AA2509F007CA5B3 /* Localizable.stringsdict in Resources */,
			);
			runOnlyForDeploymentPostprocessing = 0;
		};
/* End PBXResourcesBuildPhase section */

/* Begin PBXShellScriptBuildPhase section */
		F378E3052AA3C54F007CA5B3 /* SwiftLint */ = {
			isa = PBXShellScriptBuildPhase;
			alwaysOutOfDate = 1;
			buildActionMask = 2147483647;
			files = (
			);
			inputFileListPaths = (
			);
			inputPaths = (
			);
			name = SwiftLint;
			outputFileListPaths = (
			);
			outputPaths = (
			);
			runOnlyForDeploymentPostprocessing = 0;
			shellPath = /bin/sh;
			shellScript = "if [[ \"$(uname -m)\" == arm64 ]]; then\n    export PATH=\"/opt/homebrew/bin:$PATH\"\nfi\n\nif which swiftlint > /dev/null; then\n  swiftlint\nelse\n  echo \"warning: SwiftLint not installed, download from https://github.com/realm/SwiftLint\"\nfi\n";
		};
/* End PBXShellScriptBuildPhase section */

/* Begin PBXSourcesBuildPhase section */
		F3830FEB2AA49B200064E3B6 /* Sources */ = {
			isa = PBXSourcesBuildPhase;
			buildActionMask = 2147483647;
			files = (
				F39B47DA2AA5202B00CD7690 /* PerformanceTests.swift in Sources */,
				F3830FFA2AA4A3730064E3B6 /* AssetTests.swift in Sources */,
				F3B073672AA4B73A002649DD /* AwardsTests.swift in Sources */,
				F3B073652AA4B126002649DD /* TagTests.swift in Sources */,
				F3B0736B2AA4CF98002649DD /* ExtensionTests.swift in Sources */,
				F3830FF22AA49B200064E3B6 /* GoalsTests.swift in Sources */,
				F3B073692AA4C30E002649DD /* DevelopmentTests.swift in Sources */,
			);
			runOnlyForDeploymentPostprocessing = 0;
		};
		F39B47DB2AA5C20100CD7690 /* Sources */ = {
			isa = PBXSourcesBuildPhase;
			buildActionMask = 2147483647;
			files = (
				F39B47E42AA5C20100CD7690 /* GoalsUITestsLaunchTests.swift in Sources */,
				F39B47E22AA5C20100CD7690 /* GoalsUITests.swift in Sources */,
			);
			runOnlyForDeploymentPostprocessing = 0;
		};
		F3B6F5822A9E8CF30029350B /* Sources */ = {
			isa = PBXSourcesBuildPhase;
			buildActionMask = 2147483647;
			files = (
				F3A76F6A2A9F99C200F2E3CE /* Filter.swift in Sources */,
				F378E2FE2AA27DD0007CA5B3 /* TagsMenuView.swift in Sources */,
				F3A76F7C2AA1D10E00F2E3CE /* Award.swift in Sources */,
				F378E2FA2AA27ADD007CA5B3 /* GoalViewToolbar.swift in Sources */,
				F378E3022AA30827007CA5B3 /* SmartFilterRow.swift in Sources */,
				F3A76F7E2AA1D33800F2E3CE /* AwardsView.swift in Sources */,
				F3A76F6E2A9FD5CF00F2E3CE /* Tag-CoreDataHelpers.swift in Sources */,
				F3D3FAB12AB74DA300CD978A /* GoalsView.swift in Sources */,
				F3B6F5992A9F31FC0029350B /* Main.xcdatamodeld in Sources */,
				F3A76F6C2A9FD12000F2E3CE /* Goal-CoreDataHelpers.swift in Sources */,
				F3A76F762AA1CA9B00F2E3CE /* Bundle-Decodable.swift in Sources */,
				F3A76F682A9F971800F2E3CE /* DetailView.swift in Sources */,
				F38558992AA9AFFB0019F18C /* SidebarViewModel.swift in Sources */,
				F3B6F59B2A9F33E70029350B /* DataController.swift in Sources */,
				F378E2FC2AA27BFB007CA5B3 /* GoalsViewToolbar.swift in Sources */,
				F3A76F662A9F96FC00F2E3CE /* SidebarView.swift in Sources */,
				F378E2F82AA27865007CA5B3 /* SidebarViewToolbar.swift in Sources */,
				F3A76F722AA086AF00F2E3CE /* GoalView.swift in Sources */,
				F378E3042AA30889007CA5B3 /* UserFilterRow.swift in Sources */,
				F3A76F742AA086BC00F2E3CE /* NoGoalView.swift in Sources */,
				F3A76F702A9FE29400F2E3CE /* GoalRow.swift in Sources */,
				F3B6F58A2A9E8CF30029350B /* GoalsApp.swift in Sources */,
			);
			runOnlyForDeploymentPostprocessing = 0;
		};
/* End PBXSourcesBuildPhase section */

/* Begin PBXTargetDependency section */
		F3830FF42AA49B200064E3B6 /* PBXTargetDependency */ = {
			isa = PBXTargetDependency;
			target = F3B6F5852A9E8CF30029350B /* Goals */;
			targetProxy = F3830FF32AA49B200064E3B6 /* PBXContainerItemProxy */;
		};
		F39B47E62AA5C20100CD7690 /* PBXTargetDependency */ = {
			isa = PBXTargetDependency;
			target = F3B6F5852A9E8CF30029350B /* Goals */;
			targetProxy = F39B47E52AA5C20100CD7690 /* PBXContainerItemProxy */;
		};
/* End PBXTargetDependency section */

/* Begin PBXVariantGroup section */
		F378E2ED2AA2434C007CA5B3 /* Localizable.strings */ = {
			isa = PBXVariantGroup;
			children = (
				F378E2EC2AA2434C007CA5B3 /* en */,
				F378E2EE2AA24407007CA5B3 /* he */,
			);
			name = Localizable.strings;
			sourceTree = "<group>";
		};
		F378E2F12AA2509F007CA5B3 /* Localizable.stringsdict */ = {
			isa = PBXVariantGroup;
			children = (
				F378E2F02AA2509F007CA5B3 /* en */,
				F378E2F22AA250B0007CA5B3 /* he */,
			);
			name = Localizable.stringsdict;
			sourceTree = "<group>";
		};
		F378E2F52AA25293007CA5B3 /* Awards.json */ = {
			isa = PBXVariantGroup;
			children = (
				F378E2F42AA25293007CA5B3 /* en */,
				F378E2F62AA25297007CA5B3 /* he */,
			);
			name = Awards.json;
			sourceTree = "<group>";
		};
/* End PBXVariantGroup section */

/* Begin XCBuildConfiguration section */
		F3830FF62AA49B200064E3B6 /* Debug */ = {
			isa = XCBuildConfiguration;
			buildSettings = {
				BUNDLE_LOADER = "$(TEST_HOST)";
				CODE_SIGN_STYLE = Automatic;
				CURRENT_PROJECT_VERSION = 1;
				DEVELOPMENT_TEAM = T52NLA8Y9D;
				GENERATE_INFOPLIST_FILE = YES;
				MARKETING_VERSION = 1.0;
				PRODUCT_BUNDLE_IDENTIFIER = com.borkstar.IssuesTests;
				PRODUCT_NAME = "$(TARGET_NAME)";
				SWIFT_EMIT_LOC_STRINGS = NO;
				SWIFT_VERSION = 5.0;
				TARGETED_DEVICE_FAMILY = "1,2";
				TEST_HOST = "$(BUILT_PRODUCTS_DIR)/Goals.app/$(BUNDLE_EXECUTABLE_FOLDER_PATH)/Goals";
			};
			name = Debug;
		};
		F3830FF72AA49B200064E3B6 /* Release */ = {
			isa = XCBuildConfiguration;
			buildSettings = {
				BUNDLE_LOADER = "$(TEST_HOST)";
				CODE_SIGN_STYLE = Automatic;
				CURRENT_PROJECT_VERSION = 1;
				DEVELOPMENT_TEAM = T52NLA8Y9D;
				GENERATE_INFOPLIST_FILE = YES;
				MARKETING_VERSION = 1.0;
				PRODUCT_BUNDLE_IDENTIFIER = com.borkstar.IssuesTests;
				PRODUCT_NAME = "$(TARGET_NAME)";
				SWIFT_EMIT_LOC_STRINGS = NO;
				SWIFT_VERSION = 5.0;
				TARGETED_DEVICE_FAMILY = "1,2";
				TEST_HOST = "$(BUILT_PRODUCTS_DIR)/Goals.app/$(BUNDLE_EXECUTABLE_FOLDER_PATH)/Goals";
			};
			name = Release;
		};
		F39B47E82AA5C20100CD7690 /* Debug */ = {
			isa = XCBuildConfiguration;
			buildSettings = {
				CODE_SIGN_STYLE = Automatic;
				CURRENT_PROJECT_VERSION = 1;
				DEVELOPMENT_TEAM = T52NLA8Y9D;
				GENERATE_INFOPLIST_FILE = YES;
				MARKETING_VERSION = 1.0;
				PRODUCT_BUNDLE_IDENTIFIER = com.borkstar.IssuesUITests;
				PRODUCT_NAME = "$(TARGET_NAME)";
				SWIFT_EMIT_LOC_STRINGS = NO;
				SWIFT_VERSION = 5.0;
				TARGETED_DEVICE_FAMILY = "1,2";
				TEST_TARGET_NAME = Issues;
			};
			name = Debug;
		};
		F39B47E92AA5C20100CD7690 /* Release */ = {
			isa = XCBuildConfiguration;
			buildSettings = {
				CODE_SIGN_STYLE = Automatic;
				CURRENT_PROJECT_VERSION = 1;
				DEVELOPMENT_TEAM = T52NLA8Y9D;
				GENERATE_INFOPLIST_FILE = YES;
				MARKETING_VERSION = 1.0;
				PRODUCT_BUNDLE_IDENTIFIER = com.borkstar.IssuesUITests;
				PRODUCT_NAME = "$(TARGET_NAME)";
				SWIFT_EMIT_LOC_STRINGS = NO;
				SWIFT_VERSION = 5.0;
				TARGETED_DEVICE_FAMILY = "1,2";
				TEST_TARGET_NAME = Issues;
			};
			name = Release;
		};
		F3B6F5922A9E8CF40029350B /* Debug */ = {
			isa = XCBuildConfiguration;
			buildSettings = {
				ALWAYS_SEARCH_USER_PATHS = NO;
				CLANG_ANALYZER_NONNULL = YES;
				CLANG_ANALYZER_NUMBER_OBJECT_CONVERSION = YES_AGGRESSIVE;
				CLANG_CXX_LANGUAGE_STANDARD = "gnu++20";
				CLANG_ENABLE_MODULES = YES;
				CLANG_ENABLE_OBJC_ARC = YES;
				CLANG_ENABLE_OBJC_WEAK = YES;
				CLANG_WARN_BLOCK_CAPTURE_AUTORELEASING = YES;
				CLANG_WARN_BOOL_CONVERSION = YES;
				CLANG_WARN_COMMA = YES;
				CLANG_WARN_CONSTANT_CONVERSION = YES;
				CLANG_WARN_DEPRECATED_OBJC_IMPLEMENTATIONS = YES;
				CLANG_WARN_DIRECT_OBJC_ISA_USAGE = YES_ERROR;
				CLANG_WARN_DOCUMENTATION_COMMENTS = YES;
				CLANG_WARN_EMPTY_BODY = YES;
				CLANG_WARN_ENUM_CONVERSION = YES;
				CLANG_WARN_INFINITE_RECURSION = YES;
				CLANG_WARN_INT_CONVERSION = YES;
				CLANG_WARN_NON_LITERAL_NULL_CONVERSION = YES;
				CLANG_WARN_OBJC_IMPLICIT_RETAIN_SELF = YES;
				CLANG_WARN_OBJC_LITERAL_CONVERSION = YES;
				CLANG_WARN_OBJC_ROOT_CLASS = YES_ERROR;
				CLANG_WARN_QUOTED_INCLUDE_IN_FRAMEWORK_HEADER = YES;
				CLANG_WARN_RANGE_LOOP_ANALYSIS = YES;
				CLANG_WARN_STRICT_PROTOTYPES = YES;
				CLANG_WARN_SUSPICIOUS_MOVE = YES;
				CLANG_WARN_UNGUARDED_AVAILABILITY = YES_AGGRESSIVE;
				CLANG_WARN_UNREACHABLE_CODE = YES;
				CLANG_WARN__DUPLICATE_METHOD_MATCH = YES;
				COPY_PHASE_STRIP = NO;
				DEBUG_INFORMATION_FORMAT = dwarf;
				ENABLE_STRICT_OBJC_MSGSEND = YES;
				ENABLE_TESTABILITY = YES;
				GCC_C_LANGUAGE_STANDARD = gnu11;
				GCC_DYNAMIC_NO_PIC = NO;
				GCC_NO_COMMON_BLOCKS = YES;
				GCC_OPTIMIZATION_LEVEL = 0;
				GCC_PREPROCESSOR_DEFINITIONS = (
					"DEBUG=1",
					"$(inherited)",
				);
				GCC_WARN_64_TO_32_BIT_CONVERSION = YES;
				GCC_WARN_ABOUT_RETURN_TYPE = YES_ERROR;
				GCC_WARN_UNDECLARED_SELECTOR = YES;
				GCC_WARN_UNINITIALIZED_AUTOS = YES_AGGRESSIVE;
				GCC_WARN_UNUSED_FUNCTION = YES;
				GCC_WARN_UNUSED_VARIABLE = YES;
				IPHONEOS_DEPLOYMENT_TARGET = 16.4;
				MTL_ENABLE_DEBUG_INFO = INCLUDE_SOURCE;
				MTL_FAST_MATH = YES;
				ONLY_ACTIVE_ARCH = YES;
				SDKROOT = iphoneos;
				SWIFT_ACTIVE_COMPILATION_CONDITIONS = DEBUG;
				SWIFT_OPTIMIZATION_LEVEL = "-Onone";
			};
			name = Debug;
		};
		F3B6F5932A9E8CF40029350B /* Release */ = {
			isa = XCBuildConfiguration;
			buildSettings = {
				ALWAYS_SEARCH_USER_PATHS = NO;
				CLANG_ANALYZER_NONNULL = YES;
				CLANG_ANALYZER_NUMBER_OBJECT_CONVERSION = YES_AGGRESSIVE;
				CLANG_CXX_LANGUAGE_STANDARD = "gnu++20";
				CLANG_ENABLE_MODULES = YES;
				CLANG_ENABLE_OBJC_ARC = YES;
				CLANG_ENABLE_OBJC_WEAK = YES;
				CLANG_WARN_BLOCK_CAPTURE_AUTORELEASING = YES;
				CLANG_WARN_BOOL_CONVERSION = YES;
				CLANG_WARN_COMMA = YES;
				CLANG_WARN_CONSTANT_CONVERSION = YES;
				CLANG_WARN_DEPRECATED_OBJC_IMPLEMENTATIONS = YES;
				CLANG_WARN_DIRECT_OBJC_ISA_USAGE = YES_ERROR;
				CLANG_WARN_DOCUMENTATION_COMMENTS = YES;
				CLANG_WARN_EMPTY_BODY = YES;
				CLANG_WARN_ENUM_CONVERSION = YES;
				CLANG_WARN_INFINITE_RECURSION = YES;
				CLANG_WARN_INT_CONVERSION = YES;
				CLANG_WARN_NON_LITERAL_NULL_CONVERSION = YES;
				CLANG_WARN_OBJC_IMPLICIT_RETAIN_SELF = YES;
				CLANG_WARN_OBJC_LITERAL_CONVERSION = YES;
				CLANG_WARN_OBJC_ROOT_CLASS = YES_ERROR;
				CLANG_WARN_QUOTED_INCLUDE_IN_FRAMEWORK_HEADER = YES;
				CLANG_WARN_RANGE_LOOP_ANALYSIS = YES;
				CLANG_WARN_STRICT_PROTOTYPES = YES;
				CLANG_WARN_SUSPICIOUS_MOVE = YES;
				CLANG_WARN_UNGUARDED_AVAILABILITY = YES_AGGRESSIVE;
				CLANG_WARN_UNREACHABLE_CODE = YES;
				CLANG_WARN__DUPLICATE_METHOD_MATCH = YES;
				COPY_PHASE_STRIP = NO;
				DEBUG_INFORMATION_FORMAT = "dwarf-with-dsym";
				ENABLE_NS_ASSERTIONS = NO;
				ENABLE_STRICT_OBJC_MSGSEND = YES;
				GCC_C_LANGUAGE_STANDARD = gnu11;
				GCC_NO_COMMON_BLOCKS = YES;
				GCC_WARN_64_TO_32_BIT_CONVERSION = YES;
				GCC_WARN_ABOUT_RETURN_TYPE = YES_ERROR;
				GCC_WARN_UNDECLARED_SELECTOR = YES;
				GCC_WARN_UNINITIALIZED_AUTOS = YES_AGGRESSIVE;
				GCC_WARN_UNUSED_FUNCTION = YES;
				GCC_WARN_UNUSED_VARIABLE = YES;
				IPHONEOS_DEPLOYMENT_TARGET = 16.4;
				MTL_ENABLE_DEBUG_INFO = NO;
				MTL_FAST_MATH = YES;
				SDKROOT = iphoneos;
				SWIFT_COMPILATION_MODE = wholemodule;
				SWIFT_OPTIMIZATION_LEVEL = "-O";
				VALIDATE_PRODUCT = YES;
			};
			name = Release;
		};
		F3B6F5952A9E8CF40029350B /* Debug */ = {
			isa = XCBuildConfiguration;
			buildSettings = {
				ASSETCATALOG_COMPILER_APPICON_NAME = AppIcon;
				ASSETCATALOG_COMPILER_GLOBAL_ACCENT_COLOR_NAME = AccentColor;
				CODE_SIGN_ENTITLEMENTS = Goals/Configuration/Goals.entitlements;
				CODE_SIGN_IDENTITY = "Apple Development";
				CODE_SIGN_STYLE = Automatic;
				CURRENT_PROJECT_VERSION = 1;
				DEVELOPMENT_ASSET_PATHS = "\"Goals/Preview Content\"";
				DEVELOPMENT_TEAM = T52NLA8Y9D;
				ENABLE_PREVIEWS = YES;
				GENERATE_INFOPLIST_FILE = YES;
				INFOPLIST_FILE = Goals/Configuration/Info.plist;
				INFOPLIST_KEY_UIApplicationSceneManifest_Generation = YES;
				INFOPLIST_KEY_UIApplicationSupportsIndirectInputEvents = YES;
				INFOPLIST_KEY_UILaunchScreen_Generation = YES;
				INFOPLIST_KEY_UISupportedInterfaceOrientations_iPad = "UIInterfaceOrientationPortrait UIInterfaceOrientationPortraitUpsideDown UIInterfaceOrientationLandscapeLeft UIInterfaceOrientationLandscapeRight";
				INFOPLIST_KEY_UISupportedInterfaceOrientations_iPhone = "UIInterfaceOrientationPortrait UIInterfaceOrientationLandscapeLeft UIInterfaceOrientationLandscapeRight";
				IPHONEOS_DEPLOYMENT_TARGET = 16.0;
				LD_RUNPATH_SEARCH_PATHS = (
					"$(inherited)",
					"@executable_path/Frameworks",
				);
				MACOSX_DEPLOYMENT_TARGET = 13.0;
				MARKETING_VERSION = 1.0;
				PRODUCT_BUNDLE_IDENTIFIER = com.borkstar.goals;
				PRODUCT_MODULE_NAME = Goals;
				PRODUCT_NAME = "$(TARGET_NAME)";
				PROVISIONING_PROFILE_SPECIFIER = "";
				SUPPORTED_PLATFORMS = "iphoneos iphonesimulator macosx";
				SUPPORTS_MACCATALYST = NO;
				SUPPORTS_MAC_DESIGNED_FOR_IPHONE_IPAD = NO;
				SWIFT_EMIT_LOC_STRINGS = YES;
				SWIFT_VERSION = 5.0;
				TARGETED_DEVICE_FAMILY = "1,2";
			};
			name = Debug;
		};
		F3B6F5962A9E8CF40029350B /* Release */ = {
			isa = XCBuildConfiguration;
			buildSettings = {
				ASSETCATALOG_COMPILER_APPICON_NAME = AppIcon;
				ASSETCATALOG_COMPILER_GLOBAL_ACCENT_COLOR_NAME = AccentColor;
				CODE_SIGN_ENTITLEMENTS = Goals/Configuration/Goals.entitlements;
				CODE_SIGN_IDENTITY = "Apple Development";
				CODE_SIGN_STYLE = Automatic;
				CURRENT_PROJECT_VERSION = 1;
				DEVELOPMENT_ASSET_PATHS = "\"Goals/Preview Content\"";
				DEVELOPMENT_TEAM = T52NLA8Y9D;
				ENABLE_PREVIEWS = YES;
				GENERATE_INFOPLIST_FILE = YES;
				INFOPLIST_FILE = Goals/Configuration/Info.plist;
				INFOPLIST_KEY_UIApplicationSceneManifest_Generation = YES;
				INFOPLIST_KEY_UIApplicationSupportsIndirectInputEvents = YES;
				INFOPLIST_KEY_UILaunchScreen_Generation = YES;
				INFOPLIST_KEY_UISupportedInterfaceOrientations_iPad = "UIInterfaceOrientationPortrait UIInterfaceOrientationPortraitUpsideDown UIInterfaceOrientationLandscapeLeft UIInterfaceOrientationLandscapeRight";
				INFOPLIST_KEY_UISupportedInterfaceOrientations_iPhone = "UIInterfaceOrientationPortrait UIInterfaceOrientationLandscapeLeft UIInterfaceOrientationLandscapeRight";
				IPHONEOS_DEPLOYMENT_TARGET = 16.0;
				LD_RUNPATH_SEARCH_PATHS = (
					"$(inherited)",
					"@executable_path/Frameworks",
				);
				MACOSX_DEPLOYMENT_TARGET = 13.0;
				MARKETING_VERSION = 1.0;
				PRODUCT_BUNDLE_IDENTIFIER = com.borkstar.goals;
				PRODUCT_MODULE_NAME = Goals;
				PRODUCT_NAME = "$(TARGET_NAME)";
				PROVISIONING_PROFILE_SPECIFIER = "";
				SUPPORTED_PLATFORMS = "iphoneos iphonesimulator macosx";
				SUPPORTS_MACCATALYST = NO;
				SUPPORTS_MAC_DESIGNED_FOR_IPHONE_IPAD = NO;
				SWIFT_EMIT_LOC_STRINGS = YES;
				SWIFT_VERSION = 5.0;
				TARGETED_DEVICE_FAMILY = "1,2";
			};
			name = Release;
		};
/* End XCBuildConfiguration section */

/* Begin XCConfigurationList section */
		F3830FF52AA49B200064E3B6 /* Build configuration list for PBXNativeTarget "GoalsTests" */ = {
			isa = XCConfigurationList;
			buildConfigurations = (
				F3830FF62AA49B200064E3B6 /* Debug */,
				F3830FF72AA49B200064E3B6 /* Release */,
			);
			defaultConfigurationIsVisible = 0;
			defaultConfigurationName = Release;
		};
		F39B47E72AA5C20100CD7690 /* Build configuration list for PBXNativeTarget "GoalsUITests" */ = {
			isa = XCConfigurationList;
			buildConfigurations = (
				F39B47E82AA5C20100CD7690 /* Debug */,
				F39B47E92AA5C20100CD7690 /* Release */,
			);
			defaultConfigurationIsVisible = 0;
			defaultConfigurationName = Release;
		};
		F3B6F5812A9E8CF30029350B /* Build configuration list for PBXProject "Goals" */ = {
			isa = XCConfigurationList;
			buildConfigurations = (
				F3B6F5922A9E8CF40029350B /* Debug */,
				F3B6F5932A9E8CF40029350B /* Release */,
			);
			defaultConfigurationIsVisible = 0;
			defaultConfigurationName = Release;
		};
		F3B6F5942A9E8CF40029350B /* Build configuration list for PBXNativeTarget "Goals" */ = {
			isa = XCConfigurationList;
			buildConfigurations = (
				F3B6F5952A9E8CF40029350B /* Debug */,
				F3B6F5962A9E8CF40029350B /* Release */,
			);
			defaultConfigurationIsVisible = 0;
			defaultConfigurationName = Release;
		};
/* End XCConfigurationList section */

/* Begin XCVersionGroup section */
		F3B6F5972A9F31FC0029350B /* Main.xcdatamodeld */ = {
			isa = XCVersionGroup;
			children = (
				F3B6F5982A9F31FC0029350B /* Main.xcdatamodel */,
			);
			currentVersion = F3B6F5982A9F31FC0029350B /* Main.xcdatamodel */;
			path = Main.xcdatamodeld;
			sourceTree = "<group>";
			versionGroupType = wrapper.xcdatamodel;
		};
/* End XCVersionGroup section */
	};
	rootObject = F3B6F57E2A9E8CF30029350B /* Project object */;
}
